
Microsoft Visual Studio Solution File, Format Version 12.00
# Visual Studio Version 17
VisualStudioVersion = 17.14.36518.9 d17.14
MinimumVisualStudioVersion = 10.0.40219.1
Project("{FAE04EC0-301F-11D3-BF4B-00C04F79EFBC}") = "gstreamer-sharp-netcore", "gstreamer-sharp-netcore.csproj", "{2DF2FF58-4134-6397-E0A3-5D10C129ADCD}"
EndProject
Project("{2150E333-8FDC-42A3-9474-1A3956D46DE8}") = "samples", "samples", "{02EA681E-C7D8-13C7-8484-4AC65E1B71E8}"
EndProject
Project("{FAE04EC0-301F-11D3-BF4B-00C04F79EFBC}") = "GStreamerPlayer", "samples\AvaloniaPlayer\GStreamerPlayer.csproj", "{0AAB9032-E0D2-DE16-6CC1-3650E7004764}"
EndProject
Project("{FAE04EC0-301F-11D3-BF4B-00C04F79EFBC}") = "Netcore3ConsoleSample", "samples\ConsoleSample\Netcore3ConsoleSample.csproj", "{BF63F740-2E64-F032-8E23-AACC4655015F}"
EndProject
Global
	GlobalSection(SolutionConfigurationPlatforms) = preSolution
		Debug|Any CPU = Debug|Any CPU
		Release|Any CPU = Release|Any CPU
	EndGlobalSection
	GlobalSection(ProjectConfigurationPlatforms) = postSolution
		{2DF2FF58-4134-6397-E0A3-5D10C129ADCD}.Debug|Any CPU.ActiveCfg = Debug|Any CPU
		{2DF2FF58-4134-6397-E0A3-5D10C129ADCD}.Debug|Any CPU.Build.0 = Debug|Any CPU
		{2DF2FF58-4134-6397-E0A3-5D10C129ADCD}.Release|Any CPU.ActiveCfg = Release|Any CPU
		{2DF2FF58-4134-6397-E0A3-5D10C129ADCD}.Release|Any CPU.Build.0 = Release|Any CPU
		{0AAB9032-E0D2-DE16-6CC1-3650E7004764}.Debug|Any CPU.ActiveCfg = Debug|Any CPU
		{0AAB9032-E0D2-DE16-6CC1-3650E7004764}.Debug|Any CPU.Build.0 = Debug|Any CPU
		{0AAB9032-E0D2-DE16-6CC1-3650E7004764}.Release|Any CPU.ActiveCfg = Release|Any CPU
		{0AAB9032-E0D2-DE16-6CC1-3650E7004764}.Release|Any CPU.Build.0 = Release|Any CPU
		{BF63F740-2E64-F032-8E23-AACC4655015F}.Debug|Any CPU.ActiveCfg = Debug|Any CPU
		{BF63F740-2E64-F032-8E23-AACC4655015F}.Debug|Any CPU.Build.0 = Debug|Any CPU
		{BF63F740-2E64-F032-8E23-AACC4655015F}.Release|Any CPU.ActiveCfg = Release|Any CPU
		{BF63F740-2E64-F032-8E23-AACC4655015F}.Release|Any CPU.Build.0 = Release|Any CPU
	EndGlobalSection
	GlobalSection(SolutionProperties) = preSolution
		HideSolutionNode = FALSE
	EndGlobalSection
	GlobalSection(NestedProjects) = preSolution
		{0AAB9032-E0D2-DE16-6CC1-3650E7004764} = {02EA681E-C7D8-13C7-8484-4AC65E1B71E8}
		{BF63F740-2E64-F032-8E23-AACC4655015F} = {02EA681E-C7D8-13C7-8484-4AC65E1B71E8}
	EndGlobalSection
	GlobalSection(ExtensibilityGlobals) = postSolution
		SolutionGuid = {C9AC568F-68BA-46BB-8629-F5AED59CCD74}
	EndGlobalSection
EndGlobal
